
Microsoft Visual Studio Solution File, Format Version 12.00
# Visual Studio 14
VisualStudioVersion = 14.0.25420.1
MinimumVisualStudioVersion = 10.0.40219.1
Project("{8BC9CEB8-8B4A-11D0-8D11-00A0C91BC942}") = "math", "math\Math.vcxproj", "{29EEBECF-A9C1-479F-9DAE-AD02AC29E921}"
EndProject
Project("{8BC9CEB8-8B4A-11D0-8D11-00A0C91BC942}") = "utility", "utility\Utility.vcxproj", "{2C3C6211-0D04-4C82-8042-F379DCFFA2AB}"
EndProject
Project("{8BC9CEB8-8B4A-11D0-8D11-00A0C91BC942}") = "cell", "cell\Cell.vcxproj", "{12711140-C3F0-4921-A21E-F32B5DB98F33}"
EndProject
Project("{8BC9CEB8-8B4A-11D0-8D11-00A0C91BC942}") = "demo", "demo\Demo.vcxproj", "{D7D44C0F-7527-42B7-8C2C-FB50F4792E62}"
EndProject
Global
	GlobalSection(SolutionConfigurationPlatforms) = preSolution
		Debug|x64 = Debug|x64
		Debug|x86 = Debug|x86
		Release|x64 = Release|x64
		Release|x86 = Release|x86
	EndGlobalSection
	GlobalSection(ProjectConfigurationPlatforms) = postSolution
		{29EEBECF-A9C1-479F-9DAE-AD02AC29E921}.Debug|x64.ActiveCfg = Debug|Win32
		{29EEBECF-A9C1-479F-9DAE-AD02AC29E921}.Debug|x64.Build.0 = Debug|Win32
		{29EEBECF-A9C1-479F-9DAE-AD02AC29E921}.Debug|x86.ActiveCfg = Debug|Win32
		{29EEBECF-A9C1-479F-9DAE-AD02AC29E921}.Debug|x86.Build.0 = Debug|Win32
		{29EEBECF-A9C1-479F-9DAE-AD02AC29E921}.Release|x64.ActiveCfg = Release|x64
		{29EEBECF-A9C1-479F-9DAE-AD02AC29E921}.Release|x64.Build.0 = Release|x64
		{29EEBECF-A9C1-479F-9DAE-AD02AC29E921}.Release|x86.ActiveCfg = Release|Win32
		{29EEBECF-A9C1-479F-9DAE-AD02AC29E921}.Release|x86.Build.0 = Release|Win32
		{2C3C6211-0D04-4C82-8042-F379DCFFA2AB}.Debug|x64.ActiveCfg = Debug|Win32
		{2C3C6211-0D04-4C82-8042-F379DCFFA2AB}.Debug|x64.Build.0 = Debug|Win32
		{2C3C6211-0D04-4C82-8042-F379DCFFA2AB}.Debug|x86.ActiveCfg = Debug|Win32
		{2C3C6211-0D04-4C82-8042-F379DCFFA2AB}.Debug|x86.Build.0 = Debug|Win32
		{2C3C6211-0D04-4C82-8042-F379DCFFA2AB}.Release|x64.ActiveCfg = Release|x64
		{2C3C6211-0D04-4C82-8042-F379DCFFA2AB}.Release|x64.Build.0 = Release|x64
		{2C3C6211-0D04-4C82-8042-F379DCFFA2AB}.Release|x86.ActiveCfg = Release|Win32
		{2C3C6211-0D04-4C82-8042-F379DCFFA2AB}.Release|x86.Build.0 = Release|Win32
		{12711140-C3F0-4921-A21E-F32B5DB98F33}.Debug|x64.ActiveCfg = Debug|Win32
		{12711140-C3F0-4921-A21E-F32B5DB98F33}.Debug|x64.Build.0 = Debug|Win32
		{12711140-C3F0-4921-A21E-F32B5DB98F33}.Debug|x86.ActiveCfg = Debug|Win32
		{12711140-C3F0-4921-A21E-F32B5DB98F33}.Debug|x86.Build.0 = Debug|Win32
		{12711140-C3F0-4921-A21E-F32B5DB98F33}.Release|x64.ActiveCfg = Release|x64
		{12711140-C3F0-4921-A21E-F32B5DB98F33}.Release|x64.Build.0 = Release|x64
		{12711140-C3F0-4921-A21E-F32B5DB98F33}.Release|x86.ActiveCfg = Release|Win32
		{12711140-C3F0-4921-A21E-F32B5DB98F33}.Release|x86.Build.0 = Release|Win32
		{D7D44C0F-7527-42B7-8C2C-FB50F4792E62}.Debug|x64.ActiveCfg = Debug|Win32
		{D7D44C0F-7527-42B7-8C2C-FB50F4792E62}.Debug|x64.Build.0 = Debug|Win32
		{D7D44C0F-7527-42B7-8C2C-FB50F4792E62}.Debug|x86.ActiveCfg = Debug|Win32
		{D7D44C0F-7527-42B7-8C2C-FB50F4792E62}.Debug|x86.Build.0 = Debug|Win32
		{D7D44C0F-7527-42B7-8C2C-FB50F4792E62}.Release|x64.ActiveCfg = Release|x64
		{D7D44C0F-7527-42B7-8C2C-FB50F4792E62}.Release|x64.Build.0 = Release|x64
		{D7D44C0F-7527-42B7-8C2C-FB50F4792E62}.Release|x86.ActiveCfg = Release|Win32
		{D7D44C0F-7527-42B7-8C2C-FB50F4792E62}.Release|x86.Build.0 = Release|Win32
	EndGlobalSection
	GlobalSection(SolutionProperties) = preSolution
		HideSolutionNode = FALSE
	EndGlobalSection
EndGlobal
