<?xml version="1.0" encoding="utf-8"?>
<Project ToolsVersion="4.0" xmlns="http://schemas.microsoft.com/developer/msbuild/2003">
  <ItemGroup>
    <Filter Include="Source Files">
      <UniqueIdentifier>{4FC737F1-C7A5-4376-A066-2A32D752A2FF}</UniqueIdentifier>
      <Extensions>cpp;c;cc;cxx;def;odl;idl;hpj;bat;asm;asmx</Extensions>
    </Filter>
    <Filter Include="Header Files">
      <UniqueIdentifier>{93995380-89BD-4b04-88EB-625FBE52EBFB}</UniqueIdentifier>
      <Extensions>h;hh;hpp;hxx;hm;inl;inc;xsd</Extensions>
    </Filter>
    <Filter Include="Resource Files">
      <UniqueIdentifier>{67DA6AB6-F800-4c08-8B7A-83BB121AAD01}</UniqueIdentifier>
      <Extensions>rc;ico;cur;bmp;dlg;rc2;rct;bin;rgs;gif;jpg;jpeg;jpe;resx;tiff;tif;png;wav;mfcribbon-ms</Extensions>
    </Filter>
  </ItemGroup>
  <ItemGroup>
    <ClCompile Include="shading\shader.cpp">
      <Filter>Source Files</Filter>
    </ClCompile>
    <ClCompile Include="shading\material.cpp">
      <Filter>Source Files</Filter>
    </ClCompile>
    <ClCompile Include="mesh\mesh.cpp">
      <Filter>Source Files</Filter>
    </ClCompile>
    <ClCompile Include="mesh\quad.cpp">
      <Filter>Source Files</Filter>
    </ClCompile>
    <ClCompile Include="mesh\line_strip.cpp">
      <Filter>Source Files</Filter>
    </ClCompile>
    <ClCompile Include="mesh\plane.cpp">
      <Filter>Source Files</Filter>
    </ClCompile>
    <ClCompile Include="mesh\circle.cpp">
      <Filter>Source Files</Filter>
    </ClCompile>
    <ClCompile Include="mesh\sphere.cpp">
      <Filter>Source Files</Filter>
    </ClCompile>
    <ClCompile Include="mesh\torus.cpp">
      <Filter>Source Files</Filter>
    </ClCompile>
    <ClCompile Include="renderer\renderer.cpp">
      <Filter>Source Files</Filter>
    </ClCompile>
    <ClCompile Include="resources\resources.cpp">
      <Filter>Source Files</Filter>
    </ClCompile>
    <ClCompile Include="resources\texture_loader.cpp">
      <Filter>Source Files</Filter>
    </ClCompile>
    <ClCompile Include="resources\shader_loader.cpp">
      <Filter>Source Files</Filter>
    </ClCompile>
    <ClCompile Include="resources\mesh_loader.cpp">
      <Filter>Source Files</Filter>
    </ClCompile>
    <ClCompile Include="stb\stb_image.cpp">
      <Filter>Source Files</Filter>
    </ClCompile>
    <ClCompile Include="scene\scene.cpp">
      <Filter>Source Files</Filter>
    </ClCompile>
    <ClCompile Include="camera\camera.cpp">
      <Filter>Source Files</Filter>
    </ClCompile>
    <ClCompile Include="camera\camera_frustum.cpp">
      <Filter>Source Files</Filter>
    </ClCompile>
    <ClCompile Include="scene\scene_node.cpp">
      <Filter>Source Files</Filter>
    </ClCompile>
    <ClCompile Include="renderer\command_buffer.cpp">
      <Filter>Source Files</Filter>
    </ClCompile>
    <ClCompile Include="camera\fly_camera.cpp">
      <Filter>Source Files</Filter>
    </ClCompile>
    <ClCompile Include="shading\texture_cube.cpp">
      <Filter>Source Files</Filter>
    </ClCompile>
    <ClCompile Include="scene\background.cpp">
      <Filter>Source Files</Filter>
    </ClCompile>
    <ClCompile Include="mesh\cube.cpp">
      <Filter>Source Files</Filter>
    </ClCompile>
    <ClCompile Include="shading\texture.cpp">
      <Filter>Source Files</Filter>
    </ClCompile>
    <ClCompile Include="renderer\render_target.cpp">
      <Filter>Source Files</Filter>
    </ClCompile>
    <ClCompile Include="glad\glad.c">
      <Filter>Source Files</Filter>
    </ClCompile>
    <ClCompile Include="cell.cpp">
      <Filter>Source Files</Filter>
    </ClCompile>
    <ClCompile Include="renderer\MaterialLibrary.cpp">
      <Filter>Source Files</Filter>
    </ClCompile>
    <ClCompile Include="renderer\pbr_capture.cpp">
      <Filter>Source Files</Filter>
    </ClCompile>
    <ClCompile Include="renderer\PBR.cpp">
      <Filter>Source Files</Filter>
    </ClCompile>
    <ClCompile Include="renderer\PostProcessor.cpp">
      <Filter>Source Files</Filter>
    </ClCompile>
    <ClCompile Include="renderer\gl_cache.cpp">
      <Filter>Source Files</Filter>
    </ClCompile>
    <ClCompile Include="imgui\imgui.cpp">
      <Filter>Source Files</Filter>
    </ClCompile>
    <ClCompile Include="imgui\imgui_draw.cpp">
      <Filter>Source Files</Filter>
    </ClCompile>
    <ClCompile Include="imgui\imgui_demo.cpp">
      <Filter>Source Files</Filter>
    </ClCompile>
  </ItemGroup>
  <ItemGroup>
    <ClInclude Include="mesh\mesh.h">
      <Filter>Header Files</Filter>
    </ClInclude>
    <ClInclude Include="shading\shader.h">
      <Filter>Header Files</Filter>
    </ClInclude>
    <ClInclude Include="shading\material.h">
      <Filter>Header Files</Filter>
    </ClInclude>
    <ClInclude Include="mesh\quad.h">
      <Filter>Header Files</Filter>
    </ClInclude>
    <ClInclude Include="mesh\line_strip.h">
      <Filter>Header Files</Filter>
    </ClInclude>
    <ClInclude Include="mesh\plane.h">
      <Filter>Header Files</Filter>
    </ClInclude>
    <ClInclude Include="mesh\circle.h">
      <Filter>Header Files</Filter>
    </ClInclude>
    <ClInclude Include="mesh\sphere.h">
      <Filter>Header Files</Filter>
    </ClInclude>
    <ClInclude Include="mesh\torus.h">
      <Filter>Header Files</Filter>
    </ClInclude>
    <ClInclude Include="renderer\renderer.h">
      <Filter>Header Files</Filter>
    </ClInclude>
    <ClInclude Include="resources\resources.h">
      <Filter>Header Files</Filter>
    </ClInclude>
    <ClInclude Include="resources\texture_loader.h">
      <Filter>Header Files</Filter>
    </ClInclude>
    <ClInclude Include="resources\shader_loader.h">
      <Filter>Header Files</Filter>
    </ClInclude>
    <ClInclude Include="resources\mesh_loader.h">
      <Filter>Header Files</Filter>
    </ClInclude>
    <ClInclude Include="shading\texture.h">
      <Filter>Header Files</Filter>
    </ClInclude>
    <ClInclude Include="stb\stb_image.h">
      <Filter>Header Files</Filter>
    </ClInclude>
    <ClInclude Include="scene\scene.h">
      <Filter>Header Files</Filter>
    </ClInclude>
    <ClInclude Include="camera\camera.h">
      <Filter>Header Files</Filter>
    </ClInclude>
    <ClInclude Include="camera\camera_frustum.h">
      <Filter>Header Files</Filter>
    </ClInclude>
    <ClInclude Include="scene\scene_node.h">
      <Filter>Header Files</Filter>
    </ClInclude>
    <ClInclude Include="renderer\command_buffer.h">
      <Filter>Header Files</Filter>
    </ClInclude>
    <ClInclude Include="renderer\render_command.h">
      <Filter>Header Files</Filter>
    </ClInclude>
    <ClInclude Include="camera\fly_camera.h">
      <Filter>Header Files</Filter>
    </ClInclude>
    <ClInclude Include="shading\shading_types.h">
      <Filter>Header Files</Filter>
    </ClInclude>
    <ClInclude Include="shading\texture_cube.h">
      <Filter>Header Files</Filter>
    </ClInclude>
    <ClInclude Include="lighting\point_light.h">
      <Filter>Header Files</Filter>
    </ClInclude>
    <ClInclude Include="lighting\directional_light.h">
      <Filter>Header Files</Filter>
    </ClInclude>
    <ClInclude Include="scene\background.h">
      <Filter>Header Files</Filter>
    </ClInclude>
    <ClInclude Include="mesh\cube.h">
      <Filter>Header Files</Filter>
    </ClInclude>
    <ClInclude Include="renderer\render_target.h">
      <Filter>Header Files</Filter>
    </ClInclude>
    <ClInclude Include="glad\glad.h">
      <Filter>Header Files</Filter>
    </ClInclude>
    <ClInclude Include="glad\khrplatform.h">
      <Filter>Header Files</Filter>
    </ClInclude>
    <ClInclude Include="cell.h">
      <Filter>Header Files</Filter>
    </ClInclude>
    <ClInclude Include="renderer\MaterialLibrary.h">
      <Filter>Header Files</Filter>
    </ClInclude>
    <ClInclude Include="renderer\PBR.h">
      <Filter>Header Files</Filter>
    </ClInclude>
    <ClInclude Include="renderer\pbr_capture.h">
      <Filter>Header Files</Filter>
    </ClInclude>
    <ClInclude Include="renderer\PostProcessor.h">
      <Filter>Header Files</Filter>
    </ClInclude>
    <ClInclude Include="renderer\gl_cache.h">
      <Filter>Header Files</Filter>
    </ClInclude>
    <ClInclude Include="imgui\imgui.h">
      <Filter>Header Files</Filter>
    </ClInclude>
    <ClInclude Include="imgui\imgui_internal.h">
      <Filter>Header Files</Filter>
    </ClInclude>
    <ClInclude Include="imgui\stb_rect_pack.h">
      <Filter>Header Files</Filter>
    </ClInclude>
    <ClInclude Include="imgui\stb_textedit.h">
      <Filter>Header Files</Filter>
    </ClInclude>
    <ClInclude Include="imgui\stb_truetype.h">
      <Filter>Header Files</Filter>
    </ClInclude>
    <ClInclude Include="imgui\imconfig.h">
      <Filter>Header Files</Filter>
    </ClInclude>
  </ItemGroup>
  <ItemGroup>
    <None Include="imgui\.travis.yml" />
  </ItemGroup>
</Project>